// !$*UTF8*$!
{
	archiveVersion = 1;
	classes = {
	};
	objectVersion = 56;
	objects = {

/* Begin PBXBuildFile section */
		6A1D54222A4ACB7E00F1A0B7 /* RecommendationView.swift in Sources */ = {isa = PBXBuildFile; fileRef = 6A1D54212A4ACB7E00F1A0B7 /* RecommendationView.swift */; };
		6A1D54242A4ACBC400F1A0B7 /* TabViewComponents.swift in Sources */ = {isa = PBXBuildFile; fileRef = 6A1D54232A4ACBC400F1A0B7 /* TabViewComponents.swift */; };
		6A1D54262A4ACBEB00F1A0B7 /* RecommendationPickerComponent.swift in Sources */ = {isa = PBXBuildFile; fileRef = 6A1D54252A4ACBEB00F1A0B7 /* RecommendationPickerComponent.swift */; };
		6A1D54282A4AD01500F1A0B7 /* ClothesStyle.swift in Sources */ = {isa = PBXBuildFile; fileRef = 6A1D54272A4AD01500F1A0B7 /* ClothesStyle.swift */; };
		6A1D542A2A4AD0C900F1A0B7 /* BodyShape.swift in Sources */ = {isa = PBXBuildFile; fileRef = 6A1D54292A4AD0C900F1A0B7 /* BodyShape.swift */; };
		6A1F70512A4EC12000753D19 /* CameraController.swift in Sources */ = {isa = PBXBuildFile; fileRef = 6A1F70502A4EC12000753D19 /* CameraController.swift */; };
		6A1F70532A4EC21000753D19 /* CameraView.swift in Sources */ = {isa = PBXBuildFile; fileRef = 6A1F70522A4EC21000753D19 /* CameraView.swift */; };
		6A1F70582A4F7FFF00753D19 /* AlertPopupView.swift in Sources */ = {isa = PBXBuildFile; fileRef = 6A1F70572A4F7FFF00753D19 /* AlertPopupView.swift */; };
		6A95E3802A51734D00558558 /* RecommendationFilterView.swift in Sources */ = {isa = PBXBuildFile; fileRef = 6A95E37F2A51734D00558558 /* RecommendationFilterView.swift */; };
		77427F192A4AC16B0064DA28 /* OnBoardingView.swift in Sources */ = {isa = PBXBuildFile; fileRef = 77427F182A4AC16B0064DA28 /* OnBoardingView.swift */; };
		77427F1B2A4AC1920064DA28 /* OnBoardingGetStarted.swift in Sources */ = {isa = PBXBuildFile; fileRef = 77427F1A2A4AC1920064DA28 /* OnBoardingGetStarted.swift */; };
		77427F1D2A4AC1AC0064DA28 /* OnBoardingGenderPicker.swift in Sources */ = {isa = PBXBuildFile; fileRef = 77427F1C2A4AC1AC0064DA28 /* OnBoardingGenderPicker.swift */; };
		77427F1F2A4AC1BA0064DA28 /* OnBoardingPersonalData.swift in Sources */ = {isa = PBXBuildFile; fileRef = 77427F1E2A4AC1BA0064DA28 /* OnBoardingPersonalData.swift */; };
		77427F212A4AC1CD0064DA28 /* OnBoardingExtensions.swift in Sources */ = {isa = PBXBuildFile; fileRef = 77427F202A4AC1CD0064DA28 /* OnBoardingExtensions.swift */; };
		77427F232A4ACB0B0064DA28 /* ProfileView.swift in Sources */ = {isa = PBXBuildFile; fileRef = 77427F222A4ACB0B0064DA28 /* ProfileView.swift */; };
		C03474502A5691000027CEDC /* bodyshape.json in Resources */ = {isa = PBXBuildFile; fileRef = C034744F2A5691000027CEDC /* bodyshape.json */; };
		C03474522A56915A0027CEDC /* Helpers.swift in Sources */ = {isa = PBXBuildFile; fileRef = C03474512A56915A0027CEDC /* Helpers.swift */; };
		C03474542A56A0ED0027CEDC /* ModelData.swift in Sources */ = {isa = PBXBuildFile; fileRef = C03474532A56A0ED0027CEDC /* ModelData.swift */; };
		C03474562A56A58B0027CEDC /* clothesstyle.json in Resources */ = {isa = PBXBuildFile; fileRef = C03474552A56A58B0027CEDC /* clothesstyle.json */; };
		C03F97392A5EBDF200F85A62 /* UiImage+Extension.swift in Sources */ = {isa = PBXBuildFile; fileRef = C03F97382A5EBDF200F85A62 /* UiImage+Extension.swift */; };
		C03F973B2A5EBE4C00F85A62 /* ScanningBody.swift in Sources */ = {isa = PBXBuildFile; fileRef = C03F973A2A5EBE4C00F85A62 /* ScanningBody.swift */; };
		C03F973D2A5EBE6600F85A62 /* BodyJoint.swift in Sources */ = {isa = PBXBuildFile; fileRef = C03F973C2A5EBE6600F85A62 /* BodyJoint.swift */; };
		C03F973F2A5EBE7F00F85A62 /* BodyCalculation.swift in Sources */ = {isa = PBXBuildFile; fileRef = C03F973E2A5EBE7F00F85A62 /* BodyCalculation.swift */; };
		C03F97412A5EC30500F85A62 /* BodyRecognitionView.swift in Sources */ = {isa = PBXBuildFile; fileRef = C03F97402A5EC30500F85A62 /* BodyRecognitionView.swift */; };
		C0593CBD2A4C1C4300667538 /* Enums.swift in Sources */ = {isa = PBXBuildFile; fileRef = C0593CBC2A4C1C4300667538 /* Enums.swift */; };
		C07679F32A4ABB5300CEE111 /* SnapStyleApp.swift in Sources */ = {isa = PBXBuildFile; fileRef = C07679F22A4ABB5300CEE111 /* SnapStyleApp.swift */; };
		C07679F52A4ABB5300CEE111 /* ContentView.swift in Sources */ = {isa = PBXBuildFile; fileRef = C07679F42A4ABB5300CEE111 /* ContentView.swift */; };
		C07679F72A4ABB5400CEE111 /* Assets.xcassets in Resources */ = {isa = PBXBuildFile; fileRef = C07679F62A4ABB5400CEE111 /* Assets.xcassets */; };
		C07679FA2A4ABB5400CEE111 /* Preview Assets.xcassets in Resources */ = {isa = PBXBuildFile; fileRef = C07679F92A4ABB5400CEE111 /* Preview Assets.xcassets */; };
		C07679FF2A4ABB5400CEE111 /* snap_style.xcdatamodeld in Sources */ = {isa = PBXBuildFile; fileRef = C07679FD2A4ABB5400CEE111 /* snap_style.xcdatamodeld */; };
		C0767A0A2A4AC22E00CEE111 /* ScanResultBottomSheetView.swift in Sources */ = {isa = PBXBuildFile; fileRef = C0767A092A4AC22E00CEE111 /* ScanResultBottomSheetView.swift */; };
		C0767A0C2A4AC2A300CEE111 /* ScanResultView.swift in Sources */ = {isa = PBXBuildFile; fileRef = C0767A0B2A4AC2A300CEE111 /* ScanResultView.swift */; };
		C0835D722A4ACA4400D0DA96 /* DummyComponent.swift in Sources */ = {isa = PBXBuildFile; fileRef = C0835D712A4ACA4400D0DA96 /* DummyComponent.swift */; };
		C0835D752A4ACD9700D0DA96 /* RecommendationBottomSheetView.swift in Sources */ = {isa = PBXBuildFile; fileRef = C0835D742A4ACD9700D0DA96 /* RecommendationBottomSheetView.swift */; };
		C0AC88CC2A5D581000DB3A3F /* ClothesStyleViewModel.swift in Sources */ = {isa = PBXBuildFile; fileRef = C0AC88CB2A5D581000DB3A3F /* ClothesStyleViewModel.swift */; };
		C0C5981D2A5BF1E400D4C022 /* clothes.json in Resources */ = {isa = PBXBuildFile; fileRef = C0C5981C2A5BF1E400D4C022 /* clothes.json */; };
/* End PBXBuildFile section */

/* Begin PBXFileReference section */
		6A1D54212A4ACB7E00F1A0B7 /* RecommendationView.swift */ = {isa = PBXFileReference; lastKnownFileType = sourcecode.swift; path = RecommendationView.swift; sourceTree = "<group>"; };
		6A1D54232A4ACBC400F1A0B7 /* TabViewComponents.swift */ = {isa = PBXFileReference; lastKnownFileType = sourcecode.swift; path = TabViewComponents.swift; sourceTree = "<group>"; };
		6A1D54252A4ACBEB00F1A0B7 /* RecommendationPickerComponent.swift */ = {isa = PBXFileReference; lastKnownFileType = sourcecode.swift; path = RecommendationPickerComponent.swift; sourceTree = "<group>"; };
		6A1D54272A4AD01500F1A0B7 /* ClothesStyle.swift */ = {isa = PBXFileReference; lastKnownFileType = sourcecode.swift; path = ClothesStyle.swift; sourceTree = "<group>"; };
		6A1D54292A4AD0C900F1A0B7 /* BodyShape.swift */ = {isa = PBXFileReference; lastKnownFileType = sourcecode.swift; path = BodyShape.swift; sourceTree = "<group>"; };
		6A1F70502A4EC12000753D19 /* CameraController.swift */ = {isa = PBXFileReference; lastKnownFileType = sourcecode.swift; path = CameraController.swift; sourceTree = "<group>"; };
		6A1F70522A4EC21000753D19 /* CameraView.swift */ = {isa = PBXFileReference; lastKnownFileType = sourcecode.swift; path = CameraView.swift; sourceTree = "<group>"; };
		6A1F70572A4F7FFF00753D19 /* AlertPopupView.swift */ = {isa = PBXFileReference; lastKnownFileType = sourcecode.swift; path = AlertPopupView.swift; sourceTree = "<group>"; };
		6A95E37F2A51734D00558558 /* RecommendationFilterView.swift */ = {isa = PBXFileReference; lastKnownFileType = sourcecode.swift; path = RecommendationFilterView.swift; sourceTree = "<group>"; };
		77427F182A4AC16B0064DA28 /* OnBoardingView.swift */ = {isa = PBXFileReference; lastKnownFileType = sourcecode.swift; path = OnBoardingView.swift; sourceTree = "<group>"; };
		77427F1A2A4AC1920064DA28 /* OnBoardingGetStarted.swift */ = {isa = PBXFileReference; lastKnownFileType = sourcecode.swift; name = OnBoardingGetStarted.swift; path = "snap-style/Views/OnBoardingGetStarted.swift"; sourceTree = SOURCE_ROOT; };
		77427F1C2A4AC1AC0064DA28 /* OnBoardingGenderPicker.swift */ = {isa = PBXFileReference; lastKnownFileType = sourcecode.swift; name = OnBoardingGenderPicker.swift; path = "snap-style/Views/OnBoardingGenderPicker.swift"; sourceTree = SOURCE_ROOT; };
		77427F1E2A4AC1BA0064DA28 /* OnBoardingPersonalData.swift */ = {isa = PBXFileReference; lastKnownFileType = sourcecode.swift; name = OnBoardingPersonalData.swift; path = "snap-style/Views/OnBoardingPersonalData.swift"; sourceTree = SOURCE_ROOT; };
		77427F202A4AC1CD0064DA28 /* OnBoardingExtensions.swift */ = {isa = PBXFileReference; lastKnownFileType = sourcecode.swift; name = OnBoardingExtensions.swift; path = "snap-style/Views/OnBoardingExtensions.swift"; sourceTree = SOURCE_ROOT; };
		77427F222A4ACB0B0064DA28 /* ProfileView.swift */ = {isa = PBXFileReference; lastKnownFileType = sourcecode.swift; path = ProfileView.swift; sourceTree = "<group>"; };
		C034744F2A5691000027CEDC /* bodyshape.json */ = {isa = PBXFileReference; fileEncoding = 4; lastKnownFileType = text.json; path = bodyshape.json; sourceTree = "<group>"; };
		C03474512A56915A0027CEDC /* Helpers.swift */ = {isa = PBXFileReference; lastKnownFileType = sourcecode.swift; path = Helpers.swift; sourceTree = "<group>"; };
		C03474532A56A0ED0027CEDC /* ModelData.swift */ = {isa = PBXFileReference; lastKnownFileType = sourcecode.swift; path = ModelData.swift; sourceTree = "<group>"; };
		C03474552A56A58B0027CEDC /* clothesstyle.json */ = {isa = PBXFileReference; lastKnownFileType = text.json; path = clothesstyle.json; sourceTree = "<group>"; };
		C03F97382A5EBDF200F85A62 /* UiImage+Extension.swift */ = {isa = PBXFileReference; lastKnownFileType = sourcecode.swift; path = "UiImage+Extension.swift"; sourceTree = "<group>"; };
		C03F973A2A5EBE4C00F85A62 /* ScanningBody.swift */ = {isa = PBXFileReference; lastKnownFileType = sourcecode.swift; path = ScanningBody.swift; sourceTree = "<group>"; };
		C03F973C2A5EBE6600F85A62 /* BodyJoint.swift */ = {isa = PBXFileReference; lastKnownFileType = sourcecode.swift; path = BodyJoint.swift; sourceTree = "<group>"; };
		C03F973E2A5EBE7F00F85A62 /* BodyCalculation.swift */ = {isa = PBXFileReference; lastKnownFileType = sourcecode.swift; path = BodyCalculation.swift; sourceTree = "<group>"; };
		C03F97402A5EC30500F85A62 /* BodyRecognitionView.swift */ = {isa = PBXFileReference; lastKnownFileType = sourcecode.swift; path = BodyRecognitionView.swift; sourceTree = "<group>"; };
		C0593CBC2A4C1C4300667538 /* Enums.swift */ = {isa = PBXFileReference; lastKnownFileType = sourcecode.swift; path = Enums.swift; sourceTree = "<group>"; };
		C064A0742A5EADE0003A6E85 /* AVFoundation.framework */ = {isa = PBXFileReference; lastKnownFileType = wrapper.framework; name = AVFoundation.framework; path = System/Library/Frameworks/AVFoundation.framework; sourceTree = SDKROOT; };
		C07679EF2A4ABB5300CEE111 /* snap-style.app */ = {isa = PBXFileReference; explicitFileType = wrapper.application; includeInIndex = 0; path = "snap-style.app"; sourceTree = BUILT_PRODUCTS_DIR; };
		C07679F22A4ABB5300CEE111 /* SnapStyleApp.swift */ = {isa = PBXFileReference; lastKnownFileType = sourcecode.swift; path = SnapStyleApp.swift; sourceTree = "<group>"; };
		C07679F42A4ABB5300CEE111 /* ContentView.swift */ = {isa = PBXFileReference; lastKnownFileType = sourcecode.swift; path = ContentView.swift; sourceTree = "<group>"; };
		C07679F62A4ABB5400CEE111 /* Assets.xcassets */ = {isa = PBXFileReference; lastKnownFileType = folder.assetcatalog; path = Assets.xcassets; sourceTree = "<group>"; };
		C07679F92A4ABB5400CEE111 /* Preview Assets.xcassets */ = {isa = PBXFileReference; lastKnownFileType = folder.assetcatalog; path = "Preview Assets.xcassets"; sourceTree = "<group>"; };
		C07679FE2A4ABB5400CEE111 /* snap_style.xcdatamodel */ = {isa = PBXFileReference; lastKnownFileType = wrapper.xcdatamodel; path = snap_style.xcdatamodel; sourceTree = "<group>"; };
		C0767A092A4AC22E00CEE111 /* ScanResultBottomSheetView.swift */ = {isa = PBXFileReference; lastKnownFileType = sourcecode.swift; path = ScanResultBottomSheetView.swift; sourceTree = "<group>"; };
		C0767A0B2A4AC2A300CEE111 /* ScanResultView.swift */ = {isa = PBXFileReference; lastKnownFileType = sourcecode.swift; path = ScanResultView.swift; sourceTree = "<group>"; };
		C0835D712A4ACA4400D0DA96 /* DummyComponent.swift */ = {isa = PBXFileReference; lastKnownFileType = sourcecode.swift; path = DummyComponent.swift; sourceTree = "<group>"; };
		C0835D742A4ACD9700D0DA96 /* RecommendationBottomSheetView.swift */ = {isa = PBXFileReference; lastKnownFileType = sourcecode.swift; path = RecommendationBottomSheetView.swift; sourceTree = "<group>"; };
		C0AC88CB2A5D581000DB3A3F /* ClothesStyleViewModel.swift */ = {isa = PBXFileReference; lastKnownFileType = sourcecode.swift; name = ClothesStyleViewModel.swift; path = "snap-style/Data/ClothesStyleViewModel.swift"; sourceTree = SOURCE_ROOT; };
		C0C5981C2A5BF1E400D4C022 /* clothes.json */ = {isa = PBXFileReference; fileEncoding = 4; lastKnownFileType = text.json; path = clothes.json; sourceTree = "<group>"; };
/* End PBXFileReference section */

/* Begin PBXFrameworksBuildPhase section */
		C07679EC2A4ABB5300CEE111 /* Frameworks */ = {
			isa = PBXFrameworksBuildPhase;
			buildActionMask = 2147483647;
			files = (
			);
			runOnlyForDeploymentPostprocessing = 0;
		};
/* End PBXFrameworksBuildPhase section */

/* Begin PBXGroup section */
		C034744E2A5690F00027CEDC /* Data */ = {
			isa = PBXGroup;
			children = (
				C0C5981C2A5BF1E400D4C022 /* clothes.json */,
				C034744F2A5691000027CEDC /* bodyshape.json */,
				C03474552A56A58B0027CEDC /* clothesstyle.json */,
			);
			path = Data;
			sourceTree = "<group>";
		};
		C0593CBB2A4C1C1000667538 /* Utils */ = {
			isa = PBXGroup;
			children = (
				C0593CBC2A4C1C4300667538 /* Enums.swift */,
				C03474512A56915A0027CEDC /* Helpers.swift */,
			);
			path = Utils;
			sourceTree = "<group>";
		};
		C064A0732A5EADE0003A6E85 /* Frameworks */ = {
			isa = PBXGroup;
			children = (
				C064A0742A5EADE0003A6E85 /* AVFoundation.framework */,
			);
			name = Frameworks;
			sourceTree = "<group>";
		};
		C07679E62A4ABB5300CEE111 = {
			isa = PBXGroup;
			children = (
				C07679F12A4ABB5300CEE111 /* snap-style */,
				C07679F02A4ABB5300CEE111 /* Products */,
				C064A0732A5EADE0003A6E85 /* Frameworks */,
			);
			sourceTree = "<group>";
		};
		C07679F02A4ABB5300CEE111 /* Products */ = {
			isa = PBXGroup;
			children = (
				C07679EF2A4ABB5300CEE111 /* snap-style.app */,
			);
			name = Products;
			sourceTree = "<group>";
		};
		C07679F12A4ABB5300CEE111 /* snap-style */ = {
			isa = PBXGroup;
			children = (
				C034744E2A5690F00027CEDC /* Data */,
				C0593CBB2A4C1C1000667538 /* Utils */,
				C0767A072A4ABC5800CEE111 /* Models */,
				C0767A062A4ABC4F00CEE111 /* Views */,
				C0767A052A4ABC4400CEE111 /* ViewModels */,
				C07679F22A4ABB5300CEE111 /* SnapStyleApp.swift */,
				C07679F62A4ABB5400CEE111 /* Assets.xcassets */,
				C07679FD2A4ABB5400CEE111 /* snap_style.xcdatamodeld */,
				C07679F82A4ABB5400CEE111 /* Preview Content */,
			);
			path = "snap-style";
			sourceTree = "<group>";
		};
		C07679F82A4ABB5400CEE111 /* Preview Content */ = {
			isa = PBXGroup;
			children = (
				C07679F92A4ABB5400CEE111 /* Preview Assets.xcassets */,
			);
			path = "Preview Content";
			sourceTree = "<group>";
		};
		C0767A052A4ABC4400CEE111 /* ViewModels */ = {
			isa = PBXGroup;
			children = (
				C0AC88CB2A5D581000DB3A3F /* ClothesStyleViewModel.swift */,
				6A1F70502A4EC12000753D19 /* CameraController.swift */,
				C03F97382A5EBDF200F85A62 /* UiImage+Extension.swift */,
				C03F973A2A5EBE4C00F85A62 /* ScanningBody.swift */,
				C03F973C2A5EBE6600F85A62 /* BodyJoint.swift */,
				C03F973E2A5EBE7F00F85A62 /* BodyCalculation.swift */,
			);
			path = ViewModels;
			sourceTree = "<group>";
		};
		C0767A062A4ABC4F00CEE111 /* Views */ = {
			isa = PBXGroup;
			children = (
				C07679F42A4ABB5300CEE111 /* ContentView.swift */,
				C0767A082A4ABC5F00CEE111 /* Components */,
				C0767A0B2A4AC2A300CEE111 /* ScanResultView.swift */,
				77427F182A4AC16B0064DA28 /* OnBoardingView.swift */,
				6A1D54212A4ACB7E00F1A0B7 /* RecommendationView.swift */,
				77427F222A4ACB0B0064DA28 /* ProfileView.swift */,
				6A1F70522A4EC21000753D19 /* CameraView.swift */,
				C03F97402A5EC30500F85A62 /* BodyRecognitionView.swift */,
			);
			path = Views;
			sourceTree = "<group>";
		};
		C0767A072A4ABC5800CEE111 /* Models */ = {
			isa = PBXGroup;
			children = (
				6A1D54272A4AD01500F1A0B7 /* ClothesStyle.swift */,
				6A1D54292A4AD0C900F1A0B7 /* BodyShape.swift */,
				C03474532A56A0ED0027CEDC /* ModelData.swift */,
			);
			path = Models;
			sourceTree = "<group>";
		};
		C0767A082A4ABC5F00CEE111 /* Components */ = {
			isa = PBXGroup;
			children = (
				C0767A092A4AC22E00CEE111 /* ScanResultBottomSheetView.swift */,
				77427F1A2A4AC1920064DA28 /* OnBoardingGetStarted.swift */,
				77427F1C2A4AC1AC0064DA28 /* OnBoardingGenderPicker.swift */,
				77427F1E2A4AC1BA0064DA28 /* OnBoardingPersonalData.swift */,
				77427F202A4AC1CD0064DA28 /* OnBoardingExtensions.swift */,
				C0835D712A4ACA4400D0DA96 /* DummyComponent.swift */,
				6A1D54232A4ACBC400F1A0B7 /* TabViewComponents.swift */,
				6A1D54252A4ACBEB00F1A0B7 /* RecommendationPickerComponent.swift */,
				C0835D742A4ACD9700D0DA96 /* RecommendationBottomSheetView.swift */,
				6A95E37F2A51734D00558558 /* RecommendationFilterView.swift */,
				6A1F70572A4F7FFF00753D19 /* AlertPopupView.swift */,
			);
			path = Components;
			sourceTree = "<group>";
		};
/* End PBXGroup section */

/* Begin PBXNativeTarget section */
		C07679EE2A4ABB5300CEE111 /* snap-style */ = {
			isa = PBXNativeTarget;
			buildConfigurationList = C0767A022A4ABB5400CEE111 /* Build configuration list for PBXNativeTarget "snap-style" */;
			buildPhases = (
				C07679EB2A4ABB5300CEE111 /* Sources */,
				C07679EC2A4ABB5300CEE111 /* Frameworks */,
				C07679ED2A4ABB5300CEE111 /* Resources */,
			);
			buildRules = (
			);
			dependencies = (
			);
			name = "snap-style";
			productName = "snap-style";
			productReference = C07679EF2A4ABB5300CEE111 /* snap-style.app */;
			productType = "com.apple.product-type.application";
		};
/* End PBXNativeTarget section */

/* Begin PBXProject section */
		C07679E72A4ABB5300CEE111 /* Project object */ = {
			isa = PBXProject;
			attributes = {
				BuildIndependentTargetsInParallel = 1;
				LastSwiftUpdateCheck = 1430;
				LastUpgradeCheck = 1430;
				TargetAttributes = {
					C07679EE2A4ABB5300CEE111 = {
						CreatedOnToolsVersion = 14.3.1;
					};
				};
			};
			buildConfigurationList = C07679EA2A4ABB5300CEE111 /* Build configuration list for PBXProject "snap-style" */;
			compatibilityVersion = "Xcode 14.0";
			developmentRegion = en;
			hasScannedForEncodings = 0;
			knownRegions = (
				en,
				Base,
			);
			mainGroup = C07679E62A4ABB5300CEE111;
			productRefGroup = C07679F02A4ABB5300CEE111 /* Products */;
			projectDirPath = "";
			projectRoot = "";
			targets = (
				C07679EE2A4ABB5300CEE111 /* snap-style */,
			);
		};
/* End PBXProject section */

/* Begin PBXResourcesBuildPhase section */
		C07679ED2A4ABB5300CEE111 /* Resources */ = {
			isa = PBXResourcesBuildPhase;
			buildActionMask = 2147483647;
			files = (
				C0C5981D2A5BF1E400D4C022 /* clothes.json in Resources */,
				C03474562A56A58B0027CEDC /* clothesstyle.json in Resources */,
				C03474502A5691000027CEDC /* bodyshape.json in Resources */,
				C07679FA2A4ABB5400CEE111 /* Preview Assets.xcassets in Resources */,
				C07679F72A4ABB5400CEE111 /* Assets.xcassets in Resources */,
			);
			runOnlyForDeploymentPostprocessing = 0;
		};
/* End PBXResourcesBuildPhase section */

/* Begin PBXSourcesBuildPhase section */
		C07679EB2A4ABB5300CEE111 /* Sources */ = {
			isa = PBXSourcesBuildPhase;
			buildActionMask = 2147483647;
			files = (
				77427F1B2A4AC1920064DA28 /* OnBoardingGetStarted.swift in Sources */,
				C0593CBD2A4C1C4300667538 /* Enums.swift in Sources */,
				C0835D752A4ACD9700D0DA96 /* RecommendationBottomSheetView.swift in Sources */,
				C03F973F2A5EBE7F00F85A62 /* BodyCalculation.swift in Sources */,
				C0AC88CC2A5D581000DB3A3F /* ClothesStyleViewModel.swift in Sources */,
				6A95E3802A51734D00558558 /* RecommendationFilterView.swift in Sources */,
				6A1F70512A4EC12000753D19 /* CameraController.swift in Sources */,
				6A1F70532A4EC21000753D19 /* CameraView.swift in Sources */,
				C07679FF2A4ABB5400CEE111 /* snap_style.xcdatamodeld in Sources */,
				C0767A0A2A4AC22E00CEE111 /* ScanResultBottomSheetView.swift in Sources */,
				C07679F52A4ABB5300CEE111 /* ContentView.swift in Sources */,
				C0767A0C2A4AC2A300CEE111 /* ScanResultView.swift in Sources */,
				C03474522A56915A0027CEDC /* Helpers.swift in Sources */,
				77427F192A4AC16B0064DA28 /* OnBoardingView.swift in Sources */,
				77427F1F2A4AC1BA0064DA28 /* OnBoardingPersonalData.swift in Sources */,
				77427F1D2A4AC1AC0064DA28 /* OnBoardingGenderPicker.swift in Sources */,
				77427F212A4AC1CD0064DA28 /* OnBoardingExtensions.swift in Sources */,
				C0835D722A4ACA4400D0DA96 /* DummyComponent.swift in Sources */,
				6A1D54242A4ACBC400F1A0B7 /* TabViewComponents.swift in Sources */,
				6A1D54262A4ACBEB00F1A0B7 /* RecommendationPickerComponent.swift in Sources */,
				C03F97412A5EC30500F85A62 /* BodyRecognitionView.swift in Sources */,
				6A1D54282A4AD01500F1A0B7 /* ClothesStyle.swift in Sources */,
				C03F973D2A5EBE6600F85A62 /* BodyJoint.swift in Sources */,
				C03F973B2A5EBE4C00F85A62 /* ScanningBody.swift in Sources */,
				77427F232A4ACB0B0064DA28 /* ProfileView.swift in Sources */,
				6A1F70582A4F7FFF00753D19 /* AlertPopupView.swift in Sources */,
				C07679F32A4ABB5300CEE111 /* SnapStyleApp.swift in Sources */,
				C03F97392A5EBDF200F85A62 /* UiImage+Extension.swift in Sources */,
				6A1D54222A4ACB7E00F1A0B7 /* RecommendationView.swift in Sources */,
				6A1D542A2A4AD0C900F1A0B7 /* BodyShape.swift in Sources */,
				C03474542A56A0ED0027CEDC /* ModelData.swift in Sources */,
			);
			runOnlyForDeploymentPostprocessing = 0;
		};
/* End PBXSourcesBuildPhase section */

/* Begin XCBuildConfiguration section */
		C0767A002A4ABB5400CEE111 /* Debug */ = {
			isa = XCBuildConfiguration;
			buildSettings = {
				ALWAYS_SEARCH_USER_PATHS = NO;
				CLANG_ANALYZER_NONNULL = YES;
				CLANG_ANALYZER_NUMBER_OBJECT_CONVERSION = YES_AGGRESSIVE;
				CLANG_CXX_LANGUAGE_STANDARD = "gnu++20";
				CLANG_ENABLE_MODULES = YES;
				CLANG_ENABLE_OBJC_ARC = YES;
				CLANG_ENABLE_OBJC_WEAK = YES;
				CLANG_WARN_BLOCK_CAPTURE_AUTORELEASING = YES;
				CLANG_WARN_BOOL_CONVERSION = YES;
				CLANG_WARN_COMMA = YES;
				CLANG_WARN_CONSTANT_CONVERSION = YES;
				CLANG_WARN_DEPRECATED_OBJC_IMPLEMENTATIONS = YES;
				CLANG_WARN_DIRECT_OBJC_ISA_USAGE = YES_ERROR;
				CLANG_WARN_DOCUMENTATION_COMMENTS = YES;
				CLANG_WARN_EMPTY_BODY = YES;
				CLANG_WARN_ENUM_CONVERSION = YES;
				CLANG_WARN_INFINITE_RECURSION = YES;
				CLANG_WARN_INT_CONVERSION = YES;
				CLANG_WARN_NON_LITERAL_NULL_CONVERSION = YES;
				CLANG_WARN_OBJC_IMPLICIT_RETAIN_SELF = YES;
				CLANG_WARN_OBJC_LITERAL_CONVERSION = YES;
				CLANG_WARN_OBJC_ROOT_CLASS = YES_ERROR;
				CLANG_WARN_QUOTED_INCLUDE_IN_FRAMEWORK_HEADER = YES;
				CLANG_WARN_RANGE_LOOP_ANALYSIS = YES;
				CLANG_WARN_STRICT_PROTOTYPES = YES;
				CLANG_WARN_SUSPICIOUS_MOVE = YES;
				CLANG_WARN_UNGUARDED_AVAILABILITY = YES_AGGRESSIVE;
				CLANG_WARN_UNREACHABLE_CODE = YES;
				CLANG_WARN__DUPLICATE_METHOD_MATCH = YES;
				COPY_PHASE_STRIP = NO;
				DEBUG_INFORMATION_FORMAT = dwarf;
				ENABLE_STRICT_OBJC_MSGSEND = YES;
				ENABLE_TESTABILITY = YES;
				GCC_C_LANGUAGE_STANDARD = gnu11;
				GCC_DYNAMIC_NO_PIC = NO;
				GCC_NO_COMMON_BLOCKS = YES;
				GCC_OPTIMIZATION_LEVEL = 0;
				GCC_PREPROCESSOR_DEFINITIONS = (
					"DEBUG=1",
					"$(inherited)",
				);
				GCC_WARN_64_TO_32_BIT_CONVERSION = YES;
				GCC_WARN_ABOUT_RETURN_TYPE = YES_ERROR;
				GCC_WARN_UNDECLARED_SELECTOR = YES;
				GCC_WARN_UNINITIALIZED_AUTOS = YES_AGGRESSIVE;
				GCC_WARN_UNUSED_FUNCTION = YES;
				GCC_WARN_UNUSED_VARIABLE = YES;
				IPHONEOS_DEPLOYMENT_TARGET = 16.4;
				MTL_ENABLE_DEBUG_INFO = INCLUDE_SOURCE;
				MTL_FAST_MATH = YES;
				ONLY_ACTIVE_ARCH = YES;
				SDKROOT = iphoneos;
				SWIFT_ACTIVE_COMPILATION_CONDITIONS = DEBUG;
				SWIFT_OPTIMIZATION_LEVEL = "-Onone";
			};
			name = Debug;
		};
		C0767A012A4ABB5400CEE111 /* Release */ = {
			isa = XCBuildConfiguration;
			buildSettings = {
				ALWAYS_SEARCH_USER_PATHS = NO;
				CLANG_ANALYZER_NONNULL = YES;
				CLANG_ANALYZER_NUMBER_OBJECT_CONVERSION = YES_AGGRESSIVE;
				CLANG_CXX_LANGUAGE_STANDARD = "gnu++20";
				CLANG_ENABLE_MODULES = YES;
				CLANG_ENABLE_OBJC_ARC = YES;
				CLANG_ENABLE_OBJC_WEAK = YES;
				CLANG_WARN_BLOCK_CAPTURE_AUTORELEASING = YES;
				CLANG_WARN_BOOL_CONVERSION = YES;
				CLANG_WARN_COMMA = YES;
				CLANG_WARN_CONSTANT_CONVERSION = YES;
				CLANG_WARN_DEPRECATED_OBJC_IMPLEMENTATIONS = YES;
				CLANG_WARN_DIRECT_OBJC_ISA_USAGE = YES_ERROR;
				CLANG_WARN_DOCUMENTATION_COMMENTS = YES;
				CLANG_WARN_EMPTY_BODY = YES;
				CLANG_WARN_ENUM_CONVERSION = YES;
				CLANG_WARN_INFINITE_RECURSION = YES;
				CLANG_WARN_INT_CONVERSION = YES;
				CLANG_WARN_NON_LITERAL_NULL_CONVERSION = YES;
				CLANG_WARN_OBJC_IMPLICIT_RETAIN_SELF = YES;
				CLANG_WARN_OBJC_LITERAL_CONVERSION = YES;
				CLANG_WARN_OBJC_ROOT_CLASS = YES_ERROR;
				CLANG_WARN_QUOTED_INCLUDE_IN_FRAMEWORK_HEADER = YES;
				CLANG_WARN_RANGE_LOOP_ANALYSIS = YES;
				CLANG_WARN_STRICT_PROTOTYPES = YES;
				CLANG_WARN_SUSPICIOUS_MOVE = YES;
				CLANG_WARN_UNGUARDED_AVAILABILITY = YES_AGGRESSIVE;
				CLANG_WARN_UNREACHABLE_CODE = YES;
				CLANG_WARN__DUPLICATE_METHOD_MATCH = YES;
				COPY_PHASE_STRIP = NO;
				DEBUG_INFORMATION_FORMAT = "dwarf-with-dsym";
				ENABLE_NS_ASSERTIONS = NO;
				ENABLE_STRICT_OBJC_MSGSEND = YES;
				GCC_C_LANGUAGE_STANDARD = gnu11;
				GCC_NO_COMMON_BLOCKS = YES;
				GCC_WARN_64_TO_32_BIT_CONVERSION = YES;
				GCC_WARN_ABOUT_RETURN_TYPE = YES_ERROR;
				GCC_WARN_UNDECLARED_SELECTOR = YES;
				GCC_WARN_UNINITIALIZED_AUTOS = YES_AGGRESSIVE;
				GCC_WARN_UNUSED_FUNCTION = YES;
				GCC_WARN_UNUSED_VARIABLE = YES;
				IPHONEOS_DEPLOYMENT_TARGET = 16.4;
				MTL_ENABLE_DEBUG_INFO = NO;
				MTL_FAST_MATH = YES;
				SDKROOT = iphoneos;
				SWIFT_COMPILATION_MODE = wholemodule;
				SWIFT_OPTIMIZATION_LEVEL = "-O";
				VALIDATE_PRODUCT = YES;
			};
			name = Release;
		};
		C0767A032A4ABB5400CEE111 /* Debug */ = {
			isa = XCBuildConfiguration;
			buildSettings = {
				ASSETCATALOG_COMPILER_APPICON_NAME = AppIcon;
				ASSETCATALOG_COMPILER_GLOBAL_ACCENT_COLOR_NAME = AccentColor;
				CODE_SIGN_STYLE = Automatic;
				CURRENT_PROJECT_VERSION = 1;
				DEVELOPMENT_ASSET_PATHS = "\"snap-style/Preview Content\"";
				DEVELOPMENT_TEAM = AHLML969C8;
				ENABLE_PREVIEWS = YES;
				GENERATE_INFOPLIST_FILE = YES;
				INFOPLIST_KEY_LSApplicationCategoryType = "public.app-category.lifestyle";
				INFOPLIST_KEY_NSCameraUsageDescription = "Using camera for detecting body shape";
				INFOPLIST_KEY_UIApplicationSceneManifest_Generation = YES;
				INFOPLIST_KEY_UIApplicationSupportsIndirectInputEvents = YES;
				INFOPLIST_KEY_UILaunchScreen_Generation = YES;
				INFOPLIST_KEY_UISupportedInterfaceOrientations_iPad = "UIInterfaceOrientationPortrait UIInterfaceOrientationPortraitUpsideDown UIInterfaceOrientationLandscapeLeft UIInterfaceOrientationLandscapeRight";
				INFOPLIST_KEY_UISupportedInterfaceOrientations_iPhone = "UIInterfaceOrientationPortrait UIInterfaceOrientationLandscapeLeft UIInterfaceOrientationLandscapeRight";
				INFOPLIST_KEY_UIUserInterfaceStyle = Light;
				LD_RUNPATH_SEARCH_PATHS = (
					"$(inherited)",
					"@executable_path/Frameworks",
				);
				MARKETING_VERSION = 0.1;
				PRODUCT_BUNDLE_IDENTIFIER = "com.bengbeng.snap-style";
				PRODUCT_NAME = "$(TARGET_NAME)";
				SWIFT_EMIT_LOC_STRINGS = YES;
				SWIFT_VERSION = 5.0;
				TARGETED_DEVICE_FAMILY = "1,2";
			};
			name = Debug;
		};
		C0767A042A4ABB5400CEE111 /* Release */ = {
			isa = XCBuildConfiguration;
			buildSettings = {
				ASSETCATALOG_COMPILER_APPICON_NAME = AppIcon;
				ASSETCATALOG_COMPILER_GLOBAL_ACCENT_COLOR_NAME = AccentColor;
				CODE_SIGN_STYLE = Automatic;
				CURRENT_PROJECT_VERSION = 1;
				DEVELOPMENT_ASSET_PATHS = "\"snap-style/Preview Content\"";
				DEVELOPMENT_TEAM = AHLML969C8;
				ENABLE_PREVIEWS = YES;
				GENERATE_INFOPLIST_FILE = YES;
				INFOPLIST_KEY_LSApplicationCategoryType = "public.app-category.lifestyle";
				INFOPLIST_KEY_NSCameraUsageDescription = "Using camera for detecting body shape";
				INFOPLIST_KEY_UIApplicationSceneManifest_Generation = YES;
				INFOPLIST_KEY_UIApplicationSupportsIndirectInputEvents = YES;
				INFOPLIST_KEY_UILaunchScreen_Generation = YES;
				INFOPLIST_KEY_UISupportedInterfaceOrientations_iPad = "UIInterfaceOrientationPortrait UIInterfaceOrientationPortraitUpsideDown UIInterfaceOrientationLandscapeLeft UIInterfaceOrientationLandscapeRight";
				INFOPLIST_KEY_UISupportedInterfaceOrientations_iPhone = "UIInterfaceOrientationPortrait UIInterfaceOrientationLandscapeLeft UIInterfaceOrientationLandscapeRight";
				INFOPLIST_KEY_UIUserInterfaceStyle = Light;
				LD_RUNPATH_SEARCH_PATHS = (
					"$(inherited)",
					"@executable_path/Frameworks",
				);
				MARKETING_VERSION = 0.1;
				PRODUCT_BUNDLE_IDENTIFIER = "com.bengbeng.snap-style";
				PRODUCT_NAME = "$(TARGET_NAME)";
				SWIFT_EMIT_LOC_STRINGS = YES;
				SWIFT_VERSION = 5.0;
				TARGETED_DEVICE_FAMILY = "1,2";
			};
			name = Release;
		};
/* End XCBuildConfiguration section */

/* Begin XCConfigurationList section */
		C07679EA2A4ABB5300CEE111 /* Build configuration list for PBXProject "snap-style" */ = {
			isa = XCConfigurationList;
			buildConfigurations = (
				C0767A002A4ABB5400CEE111 /* Debug */,
				C0767A012A4ABB5400CEE111 /* Release */,
			);
			defaultConfigurationIsVisible = 0;
			defaultConfigurationName = Release;
		};
		C0767A022A4ABB5400CEE111 /* Build configuration list for PBXNativeTarget "snap-style" */ = {
			isa = XCConfigurationList;
			buildConfigurations = (
				C0767A032A4ABB5400CEE111 /* Debug */,
				C0767A042A4ABB5400CEE111 /* Release */,
			);
			defaultConfigurationIsVisible = 0;
			defaultConfigurationName = Release;
		};
/* End XCConfigurationList section */

/* Begin XCVersionGroup section */
		C07679FD2A4ABB5400CEE111 /* snap_style.xcdatamodeld */ = {
			isa = XCVersionGroup;
			children = (
				C07679FE2A4ABB5400CEE111 /* snap_style.xcdatamodel */,
			);
			currentVersion = C07679FE2A4ABB5400CEE111 /* snap_style.xcdatamodel */;
			path = snap_style.xcdatamodeld;
			sourceTree = "<group>";
			versionGroupType = wrapper.xcdatamodel;
		};
/* End XCVersionGroup section */
	};
	rootObject = C07679E72A4ABB5300CEE111 /* Project object */;
}
